// !$*UTF8*$!
{
	archiveVersion = 1;
	classes = {
	};
	objectVersion = 46;
	objects = {

/* Begin PBXBuildFile section */
		AA7E2DB3194160EC00C3AAED /* main.m in Sources */ = {isa = PBXBuildFile; fileRef = AA7E2DB2194160EC00C3AAED /* main.m */; };
		AA7E2DB6194160EC00C3AAED /* AppDelegate.m in Sources */ = {isa = PBXBuildFile; fileRef = AA7E2DB5194160EC00C3AAED /* AppDelegate.m */; };
		AA7E2DB9194160EC00C3AAED /* ViewController.m in Sources */ = {isa = PBXBuildFile; fileRef = AA7E2DB8194160EC00C3AAED /* ViewController.m */; };
		AA7E2DBC194160EC00C3AAED /* Main.storyboard in Resources */ = {isa = PBXBuildFile; fileRef = AA7E2DBA194160EC00C3AAED /* Main.storyboard */; };
		AA7E2DBE194160EC00C3AAED /* Images.xcassets in Resources */ = {isa = PBXBuildFile; fileRef = AA7E2DBD194160EC00C3AAED /* Images.xcassets */; };
		AA7E2DCA194160EC00C3AAED /* ImageInverterDemoTests.m in Sources */ = {isa = PBXBuildFile; fileRef = AA7E2DC9194160EC00C3AAED /* ImageInverterDemoTests.m */; };
/* End PBXBuildFile section */

/* Begin PBXContainerItemProxy section */
		AA7E2DC4194160EC00C3AAED /* PBXContainerItemProxy */ = {
			isa = PBXContainerItemProxy;
			containerPortal = AA7E2DA5194160EC00C3AAED /* Project object */;
			proxyType = 1;
			remoteGlobalIDString = AA7E2DAC194160EC00C3AAED;
			remoteInfo = ImageInverterDemo;
		};
/* End PBXContainerItemProxy section */

/* Begin PBXFileReference section */
		AA7E2DAD194160EC00C3AAED /* ImageInverterDemo.app */ = {isa = PBXFileReference; explicitFileType = wrapper.application; includeInIndex = 0; path = ImageInverterDemo.app; sourceTree = BUILT_PRODUCTS_DIR; };
		AA7E2DB1194160EC00C3AAED /* Info.plist */ = {isa = PBXFileReference; lastKnownFileType = text.plist.xml; path = Info.plist; sourceTree = "<group>"; };
		AA7E2DB2194160EC00C3AAED /* main.m */ = {isa = PBXFileReference; lastKnownFileType = sourcecode.c.objc; path = main.m; sourceTree = "<group>"; };
		AA7E2DB4194160EC00C3AAED /* AppDelegate.h */ = {isa = PBXFileReference; lastKnownFileType = sourcecode.c.h; path = AppDelegate.h; sourceTree = "<group>"; };
		AA7E2DB5194160EC00C3AAED /* AppDelegate.m */ = {isa = PBXFileReference; lastKnownFileType = sourcecode.c.objc; path = AppDelegate.m; sourceTree = "<group>"; };
		AA7E2DB7194160EC00C3AAED /* ViewController.h */ = {isa = PBXFileReference; lastKnownFileType = sourcecode.c.h; path = ViewController.h; sourceTree = "<group>"; };
		AA7E2DB8194160EC00C3AAED /* ViewController.m */ = {isa = PBXFileReference; lastKnownFileType = sourcecode.c.objc; path = ViewController.m; sourceTree = "<group>"; };
		AA7E2DBB194160EC00C3AAED /* Base */ = {isa = PBXFileReference; lastKnownFileType = file.storyboard; name = Base; path = Base.lproj/Main.storyboard; sourceTree = "<group>"; };
		AA7E2DBD194160EC00C3AAED /* Images.xcassets */ = {isa = PBXFileReference; lastKnownFileType = folder.assetcatalog; path = Images.xcassets; sourceTree = "<group>"; };
		AA7E2DC3194160EC00C3AAED /* ImageInverterDemoTests.xctest */ = {isa = PBXFileReference; explicitFileType = wrapper.cfbundle; includeInIndex = 0; path = ImageInverterDemoTests.xctest; sourceTree = BUILT_PRODUCTS_DIR; };
		AA7E2DC8194160EC00C3AAED /* Info.plist */ = {isa = PBXFileReference; lastKnownFileType = text.plist.xml; path = Info.plist; sourceTree = "<group>"; };
		AA7E2DC9194160EC00C3AAED /* ImageInverterDemoTests.m */ = {isa = PBXFileReference; lastKnownFileType = sourcecode.c.objc; path = ImageInverterDemoTests.m; sourceTree = "<group>"; };
/* End PBXFileReference section */

/* Begin PBXFrameworksBuildPhase section */
		AA7E2DAA194160EC00C3AAED /* Frameworks */ = {
			isa = PBXFrameworksBuildPhase;
			buildActionMask = 2147483647;
			files = (
			);
			runOnlyForDeploymentPostprocessing = 0;
		};
		AA7E2DC0194160EC00C3AAED /* Frameworks */ = {
			isa = PBXFrameworksBuildPhase;
			buildActionMask = 2147483647;
			files = (
			);
			runOnlyForDeploymentPostprocessing = 0;
		};
/* End PBXFrameworksBuildPhase section */

/* Begin PBXGroup section */
		AA7E2DA4194160EC00C3AAED = {
			isa = PBXGroup;
			children = (
				AA7E2DAF194160EC00C3AAED /* ImageInverterDemo */,
				AA7E2DC6194160EC00C3AAED /* ImageInverterDemoTests */,
				AA7E2DAE194160EC00C3AAED /* Products */,
			);
			sourceTree = "<group>";
		};
		AA7E2DAE194160EC00C3AAED /* Products */ = {
			isa = PBXGroup;
			children = (
				AA7E2DAD194160EC00C3AAED /* ImageInverterDemo.app */,
				AA7E2DC3194160EC00C3AAED /* ImageInverterDemoTests.xctest */,
			);
			name = Products;
			sourceTree = "<group>";
		};
		AA7E2DAF194160EC00C3AAED /* ImageInverterDemo */ = {
			isa = PBXGroup;
			children = (
				AA7E2DB4194160EC00C3AAED /* AppDelegate.h */,
				AA7E2DB5194160EC00C3AAED /* AppDelegate.m */,
				AA7E2DB7194160EC00C3AAED /* ViewController.h */,
				AA7E2DB8194160EC00C3AAED /* ViewController.m */,
				AA7E2DBA194160EC00C3AAED /* Main.storyboard */,
				AA7E2DBD194160EC00C3AAED /* Images.xcassets */,
				AA7E2DB0194160EC00C3AAED /* Supporting Files */,
			);
			path = ImageInverterDemo;
			sourceTree = "<group>";
		};
		AA7E2DB0194160EC00C3AAED /* Supporting Files */ = {
			isa = PBXGroup;
			children = (
				AA7E2DB1194160EC00C3AAED /* Info.plist */,
				AA7E2DB2194160EC00C3AAED /* main.m */,
			);
			name = "Supporting Files";
			sourceTree = "<group>";
		};
		AA7E2DC6194160EC00C3AAED /* ImageInverterDemoTests */ = {
			isa = PBXGroup;
			children = (
				AA7E2DC9194160EC00C3AAED /* ImageInverterDemoTests.m */,
				AA7E2DC7194160EC00C3AAED /* Supporting Files */,
			);
			path = ImageInverterDemoTests;
			sourceTree = "<group>";
		};
		AA7E2DC7194160EC00C3AAED /* Supporting Files */ = {
			isa = PBXGroup;
			children = (
				AA7E2DC8194160EC00C3AAED /* Info.plist */,
			);
			name = "Supporting Files";
			sourceTree = "<group>";
		};
/* End PBXGroup section */

/* Begin PBXNativeTarget section */
		AA7E2DAC194160EC00C3AAED /* ImageInverterDemo */ = {
			isa = PBXNativeTarget;
			buildConfigurationList = AA7E2DCD194160EC00C3AAED /* Build configuration list for PBXNativeTarget "ImageInverterDemo" */;
			buildPhases = (
				AA7E2DA9194160EC00C3AAED /* Sources */,
				AA7E2DAA194160EC00C3AAED /* Frameworks */,
				AA7E2DAB194160EC00C3AAED /* Resources */,
			);
			buildRules = (
			);
			dependencies = (
			);
			name = ImageInverterDemo;
			productName = ImageInverterDemo;
			productReference = AA7E2DAD194160EC00C3AAED /* ImageInverterDemo.app */;
			productType = "com.apple.product-type.application";
		};
		AA7E2DC2194160EC00C3AAED /* ImageInverterDemoTests */ = {
			isa = PBXNativeTarget;
			buildConfigurationList = AA7E2DD0194160EC00C3AAED /* Build configuration list for PBXNativeTarget "ImageInverterDemoTests" */;
			buildPhases = (
				AA7E2DBF194160EC00C3AAED /* Sources */,
				AA7E2DC0194160EC00C3AAED /* Frameworks */,
				AA7E2DC1194160EC00C3AAED /* Resources */,
			);
			buildRules = (
			);
			dependencies = (
				AA7E2DC5194160EC00C3AAED /* PBXTargetDependency */,
			);
			name = ImageInverterDemoTests;
			productName = ImageInverterDemoTests;
			productReference = AA7E2DC3194160EC00C3AAED /* ImageInverterDemoTests.xctest */;
			productType = "com.apple.product-type.bundle.unit-test";
		};
/* End PBXNativeTarget section */

/* Begin PBXProject section */
		AA7E2DA5194160EC00C3AAED /* Project object */ = {
			isa = PBXProject;
			attributes = {
				LastUpgradeCheck = 0600;
				ORGANIZATIONNAME = OkCoin.;
				TargetAttributes = {
					AA7E2DAC194160EC00C3AAED = {
						CreatedOnToolsVersion = 6.0;
					};
					AA7E2DC2194160EC00C3AAED = {
						CreatedOnToolsVersion = 6.0;
						TestTargetID = AA7E2DAC194160EC00C3AAED;
					};
				};
			};
			buildConfigurationList = AA7E2DA8194160EC00C3AAED /* Build configuration list for PBXProject "ImageInverterDemo" */;
			compatibilityVersion = "Xcode 3.2";
			developmentRegion = English;
			hasScannedForEncodings = 0;
			knownRegions = (
				en,
				Base,
			);
			mainGroup = AA7E2DA4194160EC00C3AAED;
			productRefGroup = AA7E2DAE194160EC00C3AAED /* Products */;
			projectDirPath = "";
			projectRoot = "";
			targets = (
				AA7E2DAC194160EC00C3AAED /* ImageInverterDemo */,
				AA7E2DC2194160EC00C3AAED /* ImageInverterDemoTests */,
			);
		};
/* End PBXProject section */

/* Begin PBXResourcesBuildPhase section */
		AA7E2DAB194160EC00C3AAED /* Resources */ = {
			isa = PBXResourcesBuildPhase;
			buildActionMask = 2147483647;
			files = (
				AA7E2DBC194160EC00C3AAED /* Main.storyboard in Resources */,
				AA7E2DBE194160EC00C3AAED /* Images.xcassets in Resources */,
			);
			runOnlyForDeploymentPostprocessing = 0;
		};
		AA7E2DC1194160EC00C3AAED /* Resources */ = {
			isa = PBXResourcesBuildPhase;
			buildActionMask = 2147483647;
			files = (
			);
			runOnlyForDeploymentPostprocessing = 0;
		};
/* End PBXResourcesBuildPhase section */

/* Begin PBXSourcesBuildPhase section */
		AA7E2DA9194160EC00C3AAED /* Sources */ = {
			isa = PBXSourcesBuildPhase;
			buildActionMask = 2147483647;
			files = (
				AA7E2DB9194160EC00C3AAED /* ViewController.m in Sources */,
				AA7E2DB6194160EC00C3AAED /* AppDelegate.m in Sources */,
				AA7E2DB3194160EC00C3AAED /* main.m in Sources */,
			);
			runOnlyForDeploymentPostprocessing = 0;
		};
		AA7E2DBF194160EC00C3AAED /* Sources */ = {
			isa = PBXSourcesBuildPhase;
			buildActionMask = 2147483647;
			files = (
				AA7E2DCA194160EC00C3AAED /* ImageInverterDemoTests.m in Sources */,
			);
			runOnlyForDeploymentPostprocessing = 0;
		};
/* End PBXSourcesBuildPhase section */

/* Begin PBXTargetDependency section */
		AA7E2DC5194160EC00C3AAED /* PBXTargetDependency */ = {
			isa = PBXTargetDependency;
			target = AA7E2DAC194160EC00C3AAED /* ImageInverterDemo */;
			targetProxy = AA7E2DC4194160EC00C3AAED /* PBXContainerItemProxy */;
		};
/* End PBXTargetDependency section */

/* Begin PBXVariantGroup section */
		AA7E2DBA194160EC00C3AAED /* Main.storyboard */ = {
			isa = PBXVariantGroup;
			children = (
				AA7E2DBB194160EC00C3AAED /* Base */,
			);
			name = Main.storyboard;
			sourceTree = "<group>";
		};
/* End PBXVariantGroup section */

/* Begin XCBuildConfiguration section */
		AA7E2DCB194160EC00C3AAED /* Debug */ = {
			isa = XCBuildConfiguration;
			buildSettings = {
				ALWAYS_SEARCH_USER_PATHS = NO;
				CLANG_CXX_LANGUAGE_STANDARD = "gnu++0x";
				CLANG_CXX_LIBRARY = "libc++";
				CLANG_ENABLE_MODULES = YES;
				CLANG_ENABLE_OBJC_ARC = YES;
				CLANG_WARN_BOOL_CONVERSION = YES;
				CLANG_WARN_CONSTANT_CONVERSION = YES;
				CLANG_WARN_DIRECT_OBJC_ISA_USAGE = YES_ERROR;
				CLANG_WARN_EMPTY_BODY = YES;
				CLANG_WARN_ENUM_CONVERSION = YES;
				CLANG_WARN_INT_CONVERSION = YES;
				CLANG_WARN_OBJC_ROOT_CLASS = YES_ERROR;
				CLANG_WARN_UNREACHABLE_CODE = YES;
				CLANG_WARN__DUPLICATE_METHOD_MATCH = YES;
				"CODE_SIGN_IDENTITY[sdk=iphoneos*]" = "iPhone Developer";
				COPY_PHASE_STRIP = NO;
				ENABLE_STRICT_OBJC_MSGSEND = YES;
				GCC_C_LANGUAGE_STANDARD = gnu99;
				GCC_DYNAMIC_NO_PIC = NO;
				GCC_OPTIMIZATION_LEVEL = 0;
				GCC_PREPROCESSOR_DEFINITIONS = (
					"DEBUG=1",
					"$(inherited)",
				);
				GCC_SYMBOLS_PRIVATE_EXTERN = NO;
				GCC_WARN_64_TO_32_BIT_CONVERSION = YES;
				GCC_WARN_ABOUT_RETURN_TYPE = YES_ERROR;
				GCC_WARN_UNDECLARED_SELECTOR = YES;
				GCC_WARN_UNINITIALIZED_AUTOS = YES_AGGRESSIVE;
				GCC_WARN_UNUSED_FUNCTION = YES;
				GCC_WARN_UNUSED_VARIABLE = YES;
				IPHONEOS_DEPLOYMENT_TARGET = 8.0;
				METAL_ENABLE_DEBUG_INFO = YES;
				ONLY_ACTIVE_ARCH = YES;
				SDKROOT = iphoneos;
			};
			name = Debug;
		};
		AA7E2DCC194160EC00C3AAED /* Release */ = {
			isa = XCBuildConfiguration;
			buildSettings = {
				ALWAYS_SEARCH_USER_PATHS = NO;
				CLANG_CXX_LANGUAGE_STANDARD = "gnu++0x";
				CLANG_CXX_LIBRARY = "libc++";
				CLANG_ENABLE_MODULES = YES;
				CLANG_ENABLE_OBJC_ARC = YES;
				CLANG_WARN_BOOL_CONVERSION = YES;
				CLANG_WARN_CONSTANT_CONVERSION = YES;
				CLANG_WARN_DIRECT_OBJC_ISA_USAGE = YES_ERROR;
				CLANG_WARN_EMPTY_BODY = YES;
				CLANG_WARN_ENUM_CONVERSION = YES;
				CLANG_WARN_INT_CONVERSION = YES;
				CLANG_WARN_OBJC_ROOT_CLASS = YES_ERROR;
				CLANG_WARN_UNREACHABLE_CODE = YES;
				CLANG_WARN__DUPLICATE_METHOD_MATCH = YES;
				"CODE_SIGN_IDENTITY[sdk=iphoneos*]" = "iPhone Developer";
				COPY_PHASE_STRIP = YES;
				ENABLE_NS_ASSERTIONS = NO;
				ENABLE_STRICT_OBJC_MSGSEND = YES;
				GCC_C_LANGUAGE_STANDARD = gnu99;
				GCC_WARN_64_TO_32_BIT_CONVERSION = YES;
				GCC_WARN_ABOUT_RETURN_TYPE = YES_ERROR;
				GCC_WARN_UNDECLARED_SELECTOR = YES;
				GCC_WARN_UNINITIALIZED_AUTOS = YES_AGGRESSIVE;
				GCC_WARN_UNUSED_FUNCTION = YES;
				GCC_WARN_UNUSED_VARIABLE = YES;
				IPHONEOS_DEPLOYMENT_TARGET = 8.0;
				METAL_ENABLE_DEBUG_INFO = NO;
				SDKROOT = iphoneos;
				VALIDATE_PRODUCT = YES;
			};
			name = Release;
		};
		AA7E2DCE194160EC00C3AAED /* Debug */ = {
			isa = XCBuildConfiguration;
			buildSettings = {
				ASSETCATALOG_COMPILER_APPICON_NAME = AppIcon;
				ASSETCATALOG_COMPILER_LAUNCHIMAGE_NAME = LaunchImage;
				INFOPLIST_FILE = ImageInverterDemo/Info.plist;
				LD_RUNPATH_SEARCH_PATHS = "$(inherited) @executable_path/Frameworks";
				PRODUCT_NAME = "$(TARGET_NAME)";
			};
			name = Debug;
		};
		AA7E2DCF194160EC00C3AAED /* Release */ = {
			isa = XCBuildConfiguration;
			buildSettings = {
				ASSETCATALOG_COMPILER_APPICON_NAME = AppIcon;
				ASSETCATALOG_COMPILER_LAUNCHIMAGE_NAME = LaunchImage;
				INFOPLIST_FILE = ImageInverterDemo/Info.plist;
				LD_RUNPATH_SEARCH_PATHS = "$(inherited) @executable_path/Frameworks";
				PRODUCT_NAME = "$(TARGET_NAME)";
			};
			name = Release;
		};
		AA7E2DD1194160EC00C3AAED /* Debug */ = {
			isa = XCBuildConfiguration;
			buildSettings = {
				BUNDLE_LOADER = "$(BUILT_PRODUCTS_DIR)/ImageInverterDemo.app/ImageInverterDemo";
				FRAMEWORK_SEARCH_PATHS = (
					"$(SDKROOT)/Developer/Library/Frameworks",
					"$(inherited)",
				);
				GCC_PREPROCESSOR_DEFINITIONS = (
					"DEBUG=1",
					"$(inherited)",
				);
				INFOPLIST_FILE = ImageInverterDemoTests/Info.plist;
				LD_RUNPATH_SEARCH_PATHS = "$(inherited) @executable_path/Frameworks @loader_path/Frameworks";
				METAL_ENABLE_DEBUG_INFO = YES;
				PRODUCT_NAME = "$(TARGET_NAME)";
				TEST_HOST = "$(BUNDLE_LOADER)";
			};
			name = Debug;
		};
		AA7E2DD2194160EC00C3AAED /* Release */ = {
			isa = XCBuildConfiguration;
			buildSettings = {
				BUNDLE_LOADER = "$(BUILT_PRODUCTS_DIR)/ImageInverterDemo.app/ImageInverterDemo";
				FRAMEWORK_SEARCH_PATHS = (
					"$(SDKROOT)/Developer/Library/Frameworks",
					"$(inherited)",
				);
				INFOPLIST_FILE = ImageInverterDemoTests/Info.plist;
				LD_RUNPATH_SEARCH_PATHS = "$(inherited) @executable_path/Frameworks @loader_path/Frameworks";
				METAL_ENABLE_DEBUG_INFO = NO;
				PRODUCT_NAME = "$(TARGET_NAME)";
				TEST_HOST = "$(BUNDLE_LOADER)";
			};
			name = Release;
		};
/* End XCBuildConfiguration section */

/* Begin XCConfigurationList section */
		AA7E2DA8194160EC00C3AAED /* Build configuration list for PBXProject "ImageInverterDemo" */ = {
			isa = XCConfigurationList;
			buildConfigurations = (
				AA7E2DCB194160EC00C3AAED /* Debug */,
				AA7E2DCC194160EC00C3AAED /* Release */,
			);
			defaultConfigurationIsVisible = 0;
			defaultConfigurationName = Release;
		};
		AA7E2DCD194160EC00C3AAED /* Build configuration list for PBXNativeTarget "ImageInverterDemo" */ = {
			isa = XCConfigurationList;
			buildConfigurations = (
				AA7E2DCE194160EC00C3AAED /* Debug */,
				AA7E2DCF194160EC00C3AAED /* Release */,
			);
			defaultConfigurationIsVisible = 0;
		};
		AA7E2DD0194160EC00C3AAED /* Build configuration list for PBXNativeTarget "ImageInverterDemoTests" */ = {
			isa = XCConfigurationList;
			buildConfigurations = (
				AA7E2DD1194160EC00C3AAED /* Debug */,
				AA7E2DD2194160EC00C3AAED /* Release */,
			);
			defaultConfigurationIsVisible = 0;
		};
/* End XCConfigurationList section */
	};
	rootObject = AA7E2DA5194160EC00C3AAED /* Project object */;
}
